{
  "name": "paperline-demo",
  "version": "1.0.0",
  "lockfileVersion": 3,
  "requires": true,
  "packages": {
    "": {
      "name": "paperline-demo",
      "version": "1.0.0",
      "license": "ISC",
      "dependencies": {
        "paperline": "^1.0.1"
      }
    },
    "node_modules/paperline": {
      "version": "1.0.1",
      "resolved": "https://artifactory.nml.com:443/artifactory/api/npm/npm/paperline/-/paperline-1.0.1.tgz",
      "integrity": "sha512-bA4rMV1dykxoD7TG82OUJh0DcsMUCG7kNNG/qDwKPjebNd+sulucDvUHx5ixqs1z7gGXQ1ERd7dOaK1FAY+StA==",
      "license": "MIT",
      "engines": {
        "node": ">=18"
      },
      "peerDependencies": {
        "react": ">=18"
      }
    },
    "node_modules/react": {
      "version": "19.2.5",
      "resolved": "https://artifactory.nml.com:443/artifactory/api/npm/npm/react/-/react-19.2.5.tgz",
      "integrity": "sha512-llUJLzz1zTUBrskt2pwZgLq59AemifIftw4aB7JxOqf1HY2FDaGDxgwpAPVzHU1kdWabH7FauP4i1oEeer2WCA==",
      "license": "MIT",
      "peer": true,
      "engines": {
        "node": ">=0.10.0"
      }
    }
  }
}
